
Microsoft Visual Studio Solution File, Format Version 12.00
# Visual Studio 15
VisualStudioVersion = 15.0.26403.7
MinimumVisualStudioVersion = 10.0.40219.1
Project("{2150E333-8FDC-42A3-9474-1A3956D46DE8}") = "XFMyNotesAppDI", "XFMyNotesAppDI", "{003BF2DF-2545-4E96-9063-B592B1CADEF6}"
EndProject
Project("{FAE04EC0-301F-11D3-BF4B-00C04F79EFBC}") = "XFMyNotesAppDI.Android", "XFMyNotesAppDI\XFMyNotesAppDI.Android\XFMyNotesAppDI.Android.csproj", "{95FC82F0-9018-4F35-8DE0-382BC544B44B}"
EndProject
Project("{FAE04EC0-301F-11D3-BF4B-00C04F79EFBC}") = "XFMyNotesAppDI", "XFMyNotesAppDI\XFMyNotesAppDI\XFMyNotesAppDI.csproj", "{0AF3735A-D2FF-4C6E-87C0-F542D4285C65}"
EndProject
Project("{FAE04EC0-301F-11D3-BF4B-00C04F79EFBC}") = "XFMyNotesAppDI.UWP", "XFMyNotesAppDI\XFMyNotesAppDI.UWP\XFMyNotesAppDI.UWP.csproj", "{70B9A844-BC4A-425A-B40B-9F4AABAB7A4E}"
EndProject
Project("{FAE04EC0-301F-11D3-BF4B-00C04F79EFBC}") = "XFMyNotesAppDI.iOS", "XFMyNotesAppDI\XFMyNotesAppDI.iOS\XFMyNotesAppDI.iOS.csproj", "{EC225EC8-30AF-4D1B-A8D9-3CDFDF3E07EF}"
EndProject
Project("{2150E333-8FDC-42A3-9474-1A3956D46DE8}") = "XFMyNotesAppFP", "XFMyNotesAppFP", "{ADEB438B-6ED9-4E9B-A1AD-0BB657D78575}"
EndProject
Project("{FAE04EC0-301F-11D3-BF4B-00C04F79EFBC}") = "XFMyNotesAppFP.Android", "XFMyNotesAppFP\XFMyNotesAppFP.Android\XFMyNotesAppFP.Android.csproj", "{B22E5FCC-C75C-459D-9A67-A50FE23742B2}"
EndProject
Project("{FAE04EC0-301F-11D3-BF4B-00C04F79EFBC}") = "XFMyNotesAppFP", "XFMyNotesAppFP\XFMyNotesAppFP\XFMyNotesAppFP.csproj", "{0981B78D-EBB3-4399-AFD8-7C68C15DA82C}"
EndProject
Project("{FAE04EC0-301F-11D3-BF4B-00C04F79EFBC}") = "XFMyNotesAppFP.UWP", "XFMyNotesAppFP\XFMyNotesAppFP.UWP\XFMyNotesAppFP.UWP.csproj", "{49A5580A-0072-4FFD-B6D4-586555B6B1E3}"
EndProject
Project("{FAE04EC0-301F-11D3-BF4B-00C04F79EFBC}") = "XFMyNotesAppFP.iOS", "XFMyNotesAppFP\XFMyNotesAppFP.iOS\XFMyNotesAppFP.iOS.csproj", "{7A202EB2-7054-4630-89E4-6237C7490A54}"
EndProject
Project("{2150E333-8FDC-42A3-9474-1A3956D46DE8}") = "XFMyNotesAppSL", "XFMyNotesAppSL", "{540B73A3-93A0-4BF4-AB2D-E45975330E11}"
EndProject
Project("{FAE04EC0-301F-11D3-BF4B-00C04F79EFBC}") = "XFMyNotesAppSL.Android", "XFMyNotesAppSL\XFMyNotesAppSL.Android\XFMyNotesAppSL.Android.csproj", "{5D4F78C3-A6FF-48C7-BC88-D4483750ACD5}"
EndProject
Project("{FAE04EC0-301F-11D3-BF4B-00C04F79EFBC}") = "XFMyNotesAppSL", "XFMyNotesAppSL\XFMyNotesAppSL\XFMyNotesAppSL.csproj", "{489486EC-FD5E-4A2C-AD66-16219D2B785D}"
EndProject
Project("{FAE04EC0-301F-11D3-BF4B-00C04F79EFBC}") = "XFMyNotesAppSL.UWP", "XFMyNotesAppSL\XFMyNotesAppSL.UWP\XFMyNotesAppSL.UWP.csproj", "{A5D2C7C4-4758-4973-B8A3-4BF0340BFFD4}"
EndProject
Project("{FAE04EC0-301F-11D3-BF4B-00C04F79EFBC}") = "XFMyNotesAppSL.iOS", "XFMyNotesAppSL\XFMyNotesAppSL.iOS\XFMyNotesAppSL.iOS.csproj", "{A68962F7-614A-469E-95C8-C3511F0258DC}"
EndProject
Global
	GlobalSection(SolutionConfigurationPlatforms) = preSolution
		Ad-Hoc|Any CPU = Ad-Hoc|Any CPU
		Ad-Hoc|ARM = Ad-Hoc|ARM
		Ad-Hoc|iPhone = Ad-Hoc|iPhone
		Ad-Hoc|iPhoneSimulator = Ad-Hoc|iPhoneSimulator
		Ad-Hoc|x64 = Ad-Hoc|x64
		Ad-Hoc|x86 = Ad-Hoc|x86
		AppStore|Any CPU = AppStore|Any CPU
		AppStore|ARM = AppStore|ARM
		AppStore|iPhone = AppStore|iPhone
		AppStore|iPhoneSimulator = AppStore|iPhoneSimulator
		AppStore|x64 = AppStore|x64
		AppStore|x86 = AppStore|x86
		Debug|Any CPU = Debug|Any CPU
		Debug|ARM = Debug|ARM
		Debug|iPhone = Debug|iPhone
		Debug|iPhoneSimulator = Debug|iPhoneSimulator
		Debug|x64 = Debug|x64
		Debug|x86 = Debug|x86
		Release|Any CPU = Release|Any CPU
		Release|ARM = Release|ARM
		Release|iPhone = Release|iPhone
		Release|iPhoneSimulator = Release|iPhoneSimulator
		Release|x64 = Release|x64
		Release|x86 = Release|x86
	EndGlobalSection
	GlobalSection(ProjectConfigurationPlatforms) = postSolution
		{95FC82F0-9018-4F35-8DE0-382BC544B44B}.Ad-Hoc|Any CPU.ActiveCfg = Release|Any CPU
		{95FC82F0-9018-4F35-8DE0-382BC544B44B}.Ad-Hoc|Any CPU.Build.0 = Release|Any CPU
		{95FC82F0-9018-4F35-8DE0-382BC544B44B}.Ad-Hoc|Any CPU.Deploy.0 = Release|Any CPU
		{95FC82F0-9018-4F35-8DE0-382BC544B44B}.Ad-Hoc|ARM.ActiveCfg = Release|Any CPU
		{95FC82F0-9018-4F35-8DE0-382BC544B44B}.Ad-Hoc|ARM.Build.0 = Release|Any CPU
		{95FC82F0-9018-4F35-8DE0-382BC544B44B}.Ad-Hoc|ARM.Deploy.0 = Release|Any CPU
		{95FC82F0-9018-4F35-8DE0-382BC544B44B}.Ad-Hoc|iPhone.ActiveCfg = Release|Any CPU
		{95FC82F0-9018-4F35-8DE0-382BC544B44B}.Ad-Hoc|iPhone.Build.0 = Release|Any CPU
		{95FC82F0-9018-4F35-8DE0-382BC544B44B}.Ad-Hoc|iPhone.Deploy.0 = Release|Any CPU
		{95FC82F0-9018-4F35-8DE0-382BC544B44B}.Ad-Hoc|iPhoneSimulator.ActiveCfg = Release|Any CPU
		{95FC82F0-9018-4F35-8DE0-382BC544B44B}.Ad-Hoc|iPhoneSimulator.Build.0 = Release|Any CPU
		{95FC82F0-9018-4F35-8DE0-382BC544B44B}.Ad-Hoc|iPhoneSimulator.Deploy.0 = Release|Any CPU
		{95FC82F0-9018-4F35-8DE0-382BC544B44B}.Ad-Hoc|x64.ActiveCfg = Release|Any CPU
		{95FC82F0-9018-4F35-8DE0-382BC544B44B}.Ad-Hoc|x64.Build.0 = Release|Any CPU
		{95FC82F0-9018-4F35-8DE0-382BC544B44B}.Ad-Hoc|x64.Deploy.0 = Release|Any CPU
		{95FC82F0-9018-4F35-8DE0-382BC544B44B}.Ad-Hoc|x86.ActiveCfg = Release|Any CPU
		{95FC82F0-9018-4F35-8DE0-382BC544B44B}.Ad-Hoc|x86.Build.0 = Release|Any CPU
		{95FC82F0-9018-4F35-8DE0-382BC544B44B}.Ad-Hoc|x86.Deploy.0 = Release|Any CPU
		{95FC82F0-9018-4F35-8DE0-382BC544B44B}.AppStore|Any CPU.ActiveCfg = Release|Any CPU
		{95FC82F0-9018-4F35-8DE0-382BC544B44B}.AppStore|Any CPU.Build.0 = Release|Any CPU
		{95FC82F0-9018-4F35-8DE0-382BC544B44B}.AppStore|Any CPU.Deploy.0 = Release|Any CPU
		{95FC82F0-9018-4F35-8DE0-382BC544B44B}.AppStore|ARM.ActiveCfg = Release|Any CPU
		{95FC82F0-9018-4F35-8DE0-382BC544B44B}.AppStore|ARM.Build.0 = Release|Any CPU
		{95FC82F0-9018-4F35-8DE0-382BC544B44B}.AppStore|ARM.Deploy.0 = Release|Any CPU
		{95FC82F0-9018-4F35-8DE0-382BC544B44B}.AppStore|iPhone.ActiveCfg = Release|Any CPU
		{95FC82F0-9018-4F35-8DE0-382BC544B44B}.AppStore|iPhone.Build.0 = Release|Any CPU
		{95FC82F0-9018-4F35-8DE0-382BC544B44B}.AppStore|iPhone.Deploy.0 = Release|Any CPU
		{95FC82F0-9018-4F35-8DE0-382BC544B44B}.AppStore|iPhoneSimulator.ActiveCfg = Release|Any CPU
		{95FC82F0-9018-4F35-8DE0-382BC544B44B}.AppStore|iPhoneSimulator.Build.0 = Release|Any CPU
		{95FC82F0-9018-4F35-8DE0-382BC544B44B}.AppStore|iPhoneSimulator.Deploy.0 = Release|Any CPU
		{95FC82F0-9018-4F35-8DE0-382BC544B44B}.AppStore|x64.ActiveCfg = Release|Any CPU
		{95FC82F0-9018-4F35-8DE0-382BC544B44B}.AppStore|x64.Build.0 = Release|Any CPU
		{95FC82F0-9018-4F35-8DE0-382BC544B44B}.AppStore|x64.Deploy.0 = Release|Any CPU
		{95FC82F0-9018-4F35-8DE0-382BC544B44B}.AppStore|x86.ActiveCfg = Release|Any CPU
		{95FC82F0-9018-4F35-8DE0-382BC544B44B}.AppStore|x86.Build.0 = Release|Any CPU
		{95FC82F0-9018-4F35-8DE0-382BC544B44B}.AppStore|x86.Deploy.0 = Release|Any CPU
		{95FC82F0-9018-4F35-8DE0-382BC544B44B}.Debug|Any CPU.ActiveCfg = Debug|Any CPU
		{95FC82F0-9018-4F35-8DE0-382BC544B44B}.Debug|Any CPU.Build.0 = Debug|Any CPU
		{95FC82F0-9018-4F35-8DE0-382BC544B44B}.Debug|Any CPU.Deploy.0 = Debug|Any CPU
		{95FC82F0-9018-4F35-8DE0-382BC544B44B}.Debug|ARM.ActiveCfg = Debug|Any CPU
		{95FC82F0-9018-4F35-8DE0-382BC544B44B}.Debug|ARM.Build.0 = Debug|Any CPU
		{95FC82F0-9018-4F35-8DE0-382BC544B44B}.Debug|ARM.Deploy.0 = Debug|Any CPU
		{95FC82F0-9018-4F35-8DE0-382BC544B44B}.Debug|iPhone.ActiveCfg = Debug|Any CPU
		{95FC82F0-9018-4F35-8DE0-382BC544B44B}.Debug|iPhone.Build.0 = Debug|Any CPU
		{95FC82F0-9018-4F35-8DE0-382BC544B44B}.Debug|iPhone.Deploy.0 = Debug|Any CPU
		{95FC82F0-9018-4F35-8DE0-382BC544B44B}.Debug|iPhoneSimulator.ActiveCfg = Debug|Any CPU
		{95FC82F0-9018-4F35-8DE0-382BC544B44B}.Debug|iPhoneSimulator.Build.0 = Debug|Any CPU
		{95FC82F0-9018-4F35-8DE0-382BC544B44B}.Debug|iPhoneSimulator.Deploy.0 = Debug|Any CPU
		{95FC82F0-9018-4F35-8DE0-382BC544B44B}.Debug|x64.ActiveCfg = Debug|Any CPU
		{95FC82F0-9018-4F35-8DE0-382BC544B44B}.Debug|x64.Build.0 = Debug|Any CPU
		{95FC82F0-9018-4F35-8DE0-382BC544B44B}.Debug|x64.Deploy.0 = Debug|Any CPU
		{95FC82F0-9018-4F35-8DE0-382BC544B44B}.Debug|x86.ActiveCfg = Debug|Any CPU
		{95FC82F0-9018-4F35-8DE0-382BC544B44B}.Debug|x86.Build.0 = Debug|Any CPU
		{95FC82F0-9018-4F35-8DE0-382BC544B44B}.Debug|x86.Deploy.0 = Debug|Any CPU
		{95FC82F0-9018-4F35-8DE0-382BC544B44B}.Release|Any CPU.ActiveCfg = Release|Any CPU
		{95FC82F0-9018-4F35-8DE0-382BC544B44B}.Release|Any CPU.Build.0 = Release|Any CPU
		{95FC82F0-9018-4F35-8DE0-382BC544B44B}.Release|Any CPU.Deploy.0 = Release|Any CPU
		{95FC82F0-9018-4F35-8DE0-382BC544B44B}.Release|ARM.ActiveCfg = Release|Any CPU
		{95FC82F0-9018-4F35-8DE0-382BC544B44B}.Release|ARM.Build.0 = Release|Any CPU
		{95FC82F0-9018-4F35-8DE0-382BC544B44B}.Release|ARM.Deploy.0 = Release|Any CPU
		{95FC82F0-9018-4F35-8DE0-382BC544B44B}.Release|iPhone.ActiveCfg = Release|Any CPU
		{95FC82F0-9018-4F35-8DE0-382BC544B44B}.Release|iPhone.Build.0 = Release|Any CPU
		{95FC82F0-9018-4F35-8DE0-382BC544B44B}.Release|iPhone.Deploy.0 = Release|Any CPU
		{95FC82F0-9018-4F35-8DE0-382BC544B44B}.Release|iPhoneSimulator.ActiveCfg = Release|Any CPU
		{95FC82F0-9018-4F35-8DE0-382BC544B44B}.Release|iPhoneSimulator.Build.0 = Release|Any CPU
		{95FC82F0-9018-4F35-8DE0-382BC544B44B}.Release|iPhoneSimulator.Deploy.0 = Release|Any CPU
		{95FC82F0-9018-4F35-8DE0-382BC544B44B}.Release|x64.ActiveCfg = Release|Any CPU
		{95FC82F0-9018-4F35-8DE0-382BC544B44B}.Release|x64.Build.0 = Release|Any CPU
		{95FC82F0-9018-4F35-8DE0-382BC544B44B}.Release|x64.Deploy.0 = Release|Any CPU
		{95FC82F0-9018-4F35-8DE0-382BC544B44B}.Release|x86.ActiveCfg = Release|Any CPU
		{95FC82F0-9018-4F35-8DE0-382BC544B44B}.Release|x86.Build.0 = Release|Any CPU
		{95FC82F0-9018-4F35-8DE0-382BC544B44B}.Release|x86.Deploy.0 = Release|Any CPU
		{0AF3735A-D2FF-4C6E-87C0-F542D4285C65}.Ad-Hoc|Any CPU.ActiveCfg = Release|Any CPU
		{0AF3735A-D2FF-4C6E-87C0-F542D4285C65}.Ad-Hoc|Any CPU.Build.0 = Release|Any CPU
		{0AF3735A-D2FF-4C6E-87C0-F542D4285C65}.Ad-Hoc|ARM.ActiveCfg = Release|Any CPU
		{0AF3735A-D2FF-4C6E-87C0-F542D4285C65}.Ad-Hoc|ARM.Build.0 = Release|Any CPU
		{0AF3735A-D2FF-4C6E-87C0-F542D4285C65}.Ad-Hoc|iPhone.ActiveCfg = Release|Any CPU
		{0AF3735A-D2FF-4C6E-87C0-F542D4285C65}.Ad-Hoc|iPhone.Build.0 = Release|Any CPU
		{0AF3735A-D2FF-4C6E-87C0-F542D4285C65}.Ad-Hoc|iPhoneSimulator.ActiveCfg = Release|Any CPU
		{0AF3735A-D2FF-4C6E-87C0-F542D4285C65}.Ad-Hoc|iPhoneSimulator.Build.0 = Release|Any CPU
		{0AF3735A-D2FF-4C6E-87C0-F542D4285C65}.Ad-Hoc|x64.ActiveCfg = Release|Any CPU
		{0AF3735A-D2FF-4C6E-87C0-F542D4285C65}.Ad-Hoc|x64.Build.0 = Release|Any CPU
		{0AF3735A-D2FF-4C6E-87C0-F542D4285C65}.Ad-Hoc|x86.ActiveCfg = Release|Any CPU
		{0AF3735A-D2FF-4C6E-87C0-F542D4285C65}.Ad-Hoc|x86.Build.0 = Release|Any CPU
		{0AF3735A-D2FF-4C6E-87C0-F542D4285C65}.AppStore|Any CPU.ActiveCfg = Release|Any CPU
		{0AF3735A-D2FF-4C6E-87C0-F542D4285C65}.AppStore|Any CPU.Build.0 = Release|Any CPU
		{0AF3735A-D2FF-4C6E-87C0-F542D4285C65}.AppStore|ARM.ActiveCfg = Release|Any CPU
		{0AF3735A-D2FF-4C6E-87C0-F542D4285C65}.AppStore|ARM.Build.0 = Release|Any CPU
		{0AF3735A-D2FF-4C6E-87C0-F542D4285C65}.AppStore|iPhone.ActiveCfg = Release|Any CPU
		{0AF3735A-D2FF-4C6E-87C0-F542D4285C65}.AppStore|iPhone.Build.0 = Release|Any CPU
		{0AF3735A-D2FF-4C6E-87C0-F542D4285C65}.AppStore|iPhoneSimulator.ActiveCfg = Release|Any CPU
		{0AF3735A-D2FF-4C6E-87C0-F542D4285C65}.AppStore|iPhoneSimulator.Build.0 = Release|Any CPU
		{0AF3735A-D2FF-4C6E-87C0-F542D4285C65}.AppStore|x64.ActiveCfg = Release|Any CPU
		{0AF3735A-D2FF-4C6E-87C0-F542D4285C65}.AppStore|x64.Build.0 = Release|Any CPU
		{0AF3735A-D2FF-4C6E-87C0-F542D4285C65}.AppStore|x86.ActiveCfg = Release|Any CPU
		{0AF3735A-D2FF-4C6E-87C0-F542D4285C65}.AppStore|x86.Build.0 = Release|Any CPU
		{0AF3735A-D2FF-4C6E-87C0-F542D4285C65}.Debug|Any CPU.ActiveCfg = Debug|Any CPU
		{0AF3735A-D2FF-4C6E-87C0-F542D4285C65}.Debug|Any CPU.Build.0 = Debug|Any CPU
		{0AF3735A-D2FF-4C6E-87C0-F542D4285C65}.Debug|ARM.ActiveCfg = Debug|Any CPU
		{0AF3735A-D2FF-4C6E-87C0-F542D4285C65}.Debug|ARM.Build.0 = Debug|Any CPU
		{0AF3735A-D2FF-4C6E-87C0-F542D4285C65}.Debug|iPhone.ActiveCfg = Debug|Any CPU
		{0AF3735A-D2FF-4C6E-87C0-F542D4285C65}.Debug|iPhone.Build.0 = Debug|Any CPU
		{0AF3735A-D2FF-4C6E-87C0-F542D4285C65}.Debug|iPhoneSimulator.ActiveCfg = Debug|Any CPU
		{0AF3735A-D2FF-4C6E-87C0-F542D4285C65}.Debug|iPhoneSimulator.Build.0 = Debug|Any CPU
		{0AF3735A-D2FF-4C6E-87C0-F542D4285C65}.Debug|x64.ActiveCfg = Debug|Any CPU
		{0AF3735A-D2FF-4C6E-87C0-F542D4285C65}.Debug|x64.Build.0 = Debug|Any CPU
		{0AF3735A-D2FF-4C6E-87C0-F542D4285C65}.Debug|x86.ActiveCfg = Debug|Any CPU
		{0AF3735A-D2FF-4C6E-87C0-F542D4285C65}.Debug|x86.Build.0 = Debug|Any CPU
		{0AF3735A-D2FF-4C6E-87C0-F542D4285C65}.Release|Any CPU.ActiveCfg = Release|Any CPU
		{0AF3735A-D2FF-4C6E-87C0-F542D4285C65}.Release|Any CPU.Build.0 = Release|Any CPU
		{0AF3735A-D2FF-4C6E-87C0-F542D4285C65}.Release|ARM.ActiveCfg = Release|Any CPU
		{0AF3735A-D2FF-4C6E-87C0-F542D4285C65}.Release|ARM.Build.0 = Release|Any CPU
		{0AF3735A-D2FF-4C6E-87C0-F542D4285C65}.Release|iPhone.ActiveCfg = Release|Any CPU
		{0AF3735A-D2FF-4C6E-87C0-F542D4285C65}.Release|iPhone.Build.0 = Release|Any CPU
		{0AF3735A-D2FF-4C6E-87C0-F542D4285C65}.Release|iPhoneSimulator.ActiveCfg = Release|Any CPU
		{0AF3735A-D2FF-4C6E-87C0-F542D4285C65}.Release|iPhoneSimulator.Build.0 = Release|Any CPU
		{0AF3735A-D2FF-4C6E-87C0-F542D4285C65}.Release|x64.ActiveCfg = Release|Any CPU
		{0AF3735A-D2FF-4C6E-87C0-F542D4285C65}.Release|x64.Build.0 = Release|Any CPU
		{0AF3735A-D2FF-4C6E-87C0-F542D4285C65}.Release|x86.ActiveCfg = Release|Any CPU
		{0AF3735A-D2FF-4C6E-87C0-F542D4285C65}.Release|x86.Build.0 = Release|Any CPU
		{70B9A844-BC4A-425A-B40B-9F4AABAB7A4E}.Ad-Hoc|Any CPU.ActiveCfg = Release|x86
		{70B9A844-BC4A-425A-B40B-9F4AABAB7A4E}.Ad-Hoc|Any CPU.Build.0 = Release|x86
		{70B9A844-BC4A-425A-B40B-9F4AABAB7A4E}.Ad-Hoc|Any CPU.Deploy.0 = Release|x86
		{70B9A844-BC4A-425A-B40B-9F4AABAB7A4E}.Ad-Hoc|ARM.ActiveCfg = Release|ARM
		{70B9A844-BC4A-425A-B40B-9F4AABAB7A4E}.Ad-Hoc|ARM.Build.0 = Release|ARM
		{70B9A844-BC4A-425A-B40B-9F4AABAB7A4E}.Ad-Hoc|ARM.Deploy.0 = Release|ARM
		{70B9A844-BC4A-425A-B40B-9F4AABAB7A4E}.Ad-Hoc|iPhone.ActiveCfg = Release|x86
		{70B9A844-BC4A-425A-B40B-9F4AABAB7A4E}.Ad-Hoc|iPhone.Build.0 = Release|x86
		{70B9A844-BC4A-425A-B40B-9F4AABAB7A4E}.Ad-Hoc|iPhone.Deploy.0 = Release|x86
		{70B9A844-BC4A-425A-B40B-9F4AABAB7A4E}.Ad-Hoc|iPhoneSimulator.ActiveCfg = Release|x86
		{70B9A844-BC4A-425A-B40B-9F4AABAB7A4E}.Ad-Hoc|iPhoneSimulator.Build.0 = Release|x86
		{70B9A844-BC4A-425A-B40B-9F4AABAB7A4E}.Ad-Hoc|iPhoneSimulator.Deploy.0 = Release|x86
		{70B9A844-BC4A-425A-B40B-9F4AABAB7A4E}.Ad-Hoc|x64.ActiveCfg = Release|x64
		{70B9A844-BC4A-425A-B40B-9F4AABAB7A4E}.Ad-Hoc|x64.Build.0 = Release|x64
		{70B9A844-BC4A-425A-B40B-9F4AABAB7A4E}.Ad-Hoc|x64.Deploy.0 = Release|x64
		{70B9A844-BC4A-425A-B40B-9F4AABAB7A4E}.Ad-Hoc|x86.ActiveCfg = Release|x86
		{70B9A844-BC4A-425A-B40B-9F4AABAB7A4E}.Ad-Hoc|x86.Build.0 = Release|x86
		{70B9A844-BC4A-425A-B40B-9F4AABAB7A4E}.Ad-Hoc|x86.Deploy.0 = Release|x86
		{70B9A844-BC4A-425A-B40B-9F4AABAB7A4E}.AppStore|Any CPU.ActiveCfg = Release|x86
		{70B9A844-BC4A-425A-B40B-9F4AABAB7A4E}.AppStore|Any CPU.Build.0 = Release|x86
		{70B9A844-BC4A-425A-B40B-9F4AABAB7A4E}.AppStore|Any CPU.Deploy.0 = Release|x86
		{70B9A844-BC4A-425A-B40B-9F4AABAB7A4E}.AppStore|ARM.ActiveCfg = Release|ARM
		{70B9A844-BC4A-425A-B40B-9F4AABAB7A4E}.AppStore|ARM.Build.0 = Release|ARM
		{70B9A844-BC4A-425A-B40B-9F4AABAB7A4E}.AppStore|ARM.Deploy.0 = Release|ARM
		{70B9A844-BC4A-425A-B40B-9F4AABAB7A4E}.AppStore|iPhone.ActiveCfg = Release|x86
		{70B9A844-BC4A-425A-B40B-9F4AABAB7A4E}.AppStore|iPhone.Build.0 = Release|x86
		{70B9A844-BC4A-425A-B40B-9F4AABAB7A4E}.AppStore|iPhone.Deploy.0 = Release|x86
		{70B9A844-BC4A-425A-B40B-9F4AABAB7A4E}.AppStore|iPhoneSimulator.ActiveCfg = Release|x86
		{70B9A844-BC4A-425A-B40B-9F4AABAB7A4E}.AppStore|iPhoneSimulator.Build.0 = Release|x86
		{70B9A844-BC4A-425A-B40B-9F4AABAB7A4E}.AppStore|iPhoneSimulator.Deploy.0 = Release|x86
		{70B9A844-BC4A-425A-B40B-9F4AABAB7A4E}.AppStore|x64.ActiveCfg = Release|x64
		{70B9A844-BC4A-425A-B40B-9F4AABAB7A4E}.AppStore|x64.Build.0 = Release|x64
		{70B9A844-BC4A-425A-B40B-9F4AABAB7A4E}.AppStore|x64.Deploy.0 = Release|x64
		{70B9A844-BC4A-425A-B40B-9F4AABAB7A4E}.AppStore|x86.ActiveCfg = Release|x86
		{70B9A844-BC4A-425A-B40B-9F4AABAB7A4E}.AppStore|x86.Build.0 = Release|x86
		{70B9A844-BC4A-425A-B40B-9F4AABAB7A4E}.AppStore|x86.Deploy.0 = Release|x86
		{70B9A844-BC4A-425A-B40B-9F4AABAB7A4E}.Debug|Any CPU.ActiveCfg = Debug|x86
		{70B9A844-BC4A-425A-B40B-9F4AABAB7A4E}.Debug|ARM.ActiveCfg = Debug|ARM
		{70B9A844-BC4A-425A-B40B-9F4AABAB7A4E}.Debug|ARM.Build.0 = Debug|ARM
		{70B9A844-BC4A-425A-B40B-9F4AABAB7A4E}.Debug|ARM.Deploy.0 = Debug|ARM
		{70B9A844-BC4A-425A-B40B-9F4AABAB7A4E}.Debug|iPhone.ActiveCfg = Debug|x86
		{70B9A844-BC4A-425A-B40B-9F4AABAB7A4E}.Debug|iPhoneSimulator.ActiveCfg = Debug|x86
		{70B9A844-BC4A-425A-B40B-9F4AABAB7A4E}.Debug|x64.ActiveCfg = Debug|x64
		{70B9A844-BC4A-425A-B40B-9F4AABAB7A4E}.Debug|x64.Build.0 = Debug|x64
		{70B9A844-BC4A-425A-B40B-9F4AABAB7A4E}.Debug|x64.Deploy.0 = Debug|x64
		{70B9A844-BC4A-425A-B40B-9F4AABAB7A4E}.Debug|x86.ActiveCfg = Debug|x86
		{70B9A844-BC4A-425A-B40B-9F4AABAB7A4E}.Debug|x86.Build.0 = Debug|x86
		{70B9A844-BC4A-425A-B40B-9F4AABAB7A4E}.Debug|x86.Deploy.0 = Debug|x86
		{70B9A844-BC4A-425A-B40B-9F4AABAB7A4E}.Release|Any CPU.ActiveCfg = Release|x86
		{70B9A844-BC4A-425A-B40B-9F4AABAB7A4E}.Release|ARM.ActiveCfg = Release|ARM
		{70B9A844-BC4A-425A-B40B-9F4AABAB7A4E}.Release|ARM.Build.0 = Release|ARM
		{70B9A844-BC4A-425A-B40B-9F4AABAB7A4E}.Release|ARM.Deploy.0 = Release|ARM
		{70B9A844-BC4A-425A-B40B-9F4AABAB7A4E}.Release|iPhone.ActiveCfg = Release|x86
		{70B9A844-BC4A-425A-B40B-9F4AABAB7A4E}.Release|iPhoneSimulator.ActiveCfg = Release|x86
		{70B9A844-BC4A-425A-B40B-9F4AABAB7A4E}.Release|x64.ActiveCfg = Release|x64
		{70B9A844-BC4A-425A-B40B-9F4AABAB7A4E}.Release|x64.Build.0 = Release|x64
		{70B9A844-BC4A-425A-B40B-9F4AABAB7A4E}.Release|x64.Deploy.0 = Release|x64
		{70B9A844-BC4A-425A-B40B-9F4AABAB7A4E}.Release|x86.ActiveCfg = Release|x86
		{70B9A844-BC4A-425A-B40B-9F4AABAB7A4E}.Release|x86.Build.0 = Release|x86
		{70B9A844-BC4A-425A-B40B-9F4AABAB7A4E}.Release|x86.Deploy.0 = Release|x86
		{EC225EC8-30AF-4D1B-A8D9-3CDFDF3E07EF}.Ad-Hoc|Any CPU.ActiveCfg = Ad-Hoc|iPhone
		{EC225EC8-30AF-4D1B-A8D9-3CDFDF3E07EF}.Ad-Hoc|ARM.ActiveCfg = Ad-Hoc|iPhone
		{EC225EC8-30AF-4D1B-A8D9-3CDFDF3E07EF}.Ad-Hoc|iPhone.ActiveCfg = Ad-Hoc|iPhone
		{EC225EC8-30AF-4D1B-A8D9-3CDFDF3E07EF}.Ad-Hoc|iPhone.Build.0 = Ad-Hoc|iPhone
		{EC225EC8-30AF-4D1B-A8D9-3CDFDF3E07EF}.Ad-Hoc|iPhoneSimulator.ActiveCfg = Ad-Hoc|iPhoneSimulator
		{EC225EC8-30AF-4D1B-A8D9-3CDFDF3E07EF}.Ad-Hoc|iPhoneSimulator.Build.0 = Ad-Hoc|iPhoneSimulator
		{EC225EC8-30AF-4D1B-A8D9-3CDFDF3E07EF}.Ad-Hoc|x64.ActiveCfg = Ad-Hoc|iPhone
		{EC225EC8-30AF-4D1B-A8D9-3CDFDF3E07EF}.Ad-Hoc|x86.ActiveCfg = Ad-Hoc|iPhone
		{EC225EC8-30AF-4D1B-A8D9-3CDFDF3E07EF}.AppStore|Any CPU.ActiveCfg = AppStore|iPhone
		{EC225EC8-30AF-4D1B-A8D9-3CDFDF3E07EF}.AppStore|ARM.ActiveCfg = AppStore|iPhone
		{EC225EC8-30AF-4D1B-A8D9-3CDFDF3E07EF}.AppStore|iPhone.ActiveCfg = AppStore|iPhone
		{EC225EC8-30AF-4D1B-A8D9-3CDFDF3E07EF}.AppStore|iPhone.Build.0 = AppStore|iPhone
		{EC225EC8-30AF-4D1B-A8D9-3CDFDF3E07EF}.AppStore|iPhoneSimulator.ActiveCfg = AppStore|iPhoneSimulator
		{EC225EC8-30AF-4D1B-A8D9-3CDFDF3E07EF}.AppStore|iPhoneSimulator.Build.0 = AppStore|iPhoneSimulator
		{EC225EC8-30AF-4D1B-A8D9-3CDFDF3E07EF}.AppStore|x64.ActiveCfg = AppStore|iPhone
		{EC225EC8-30AF-4D1B-A8D9-3CDFDF3E07EF}.AppStore|x86.ActiveCfg = AppStore|iPhone
		{EC225EC8-30AF-4D1B-A8D9-3CDFDF3E07EF}.Debug|Any CPU.ActiveCfg = Debug|iPhone
		{EC225EC8-30AF-4D1B-A8D9-3CDFDF3E07EF}.Debug|ARM.ActiveCfg = Debug|iPhone
		{EC225EC8-30AF-4D1B-A8D9-3CDFDF3E07EF}.Debug|iPhone.ActiveCfg = Debug|iPhone
		{EC225EC8-30AF-4D1B-A8D9-3CDFDF3E07EF}.Debug|iPhone.Build.0 = Debug|iPhone
		{EC225EC8-30AF-4D1B-A8D9-3CDFDF3E07EF}.Debug|iPhoneSimulator.ActiveCfg = Debug|iPhoneSimulator
		{EC225EC8-30AF-4D1B-A8D9-3CDFDF3E07EF}.Debug|iPhoneSimulator.Build.0 = Debug|iPhoneSimulator
		{EC225EC8-30AF-4D1B-A8D9-3CDFDF3E07EF}.Debug|x64.ActiveCfg = Debug|iPhone
		{EC225EC8-30AF-4D1B-A8D9-3CDFDF3E07EF}.Debug|x86.ActiveCfg = Debug|iPhone
		{EC225EC8-30AF-4D1B-A8D9-3CDFDF3E07EF}.Release|Any CPU.ActiveCfg = Release|iPhone
		{EC225EC8-30AF-4D1B-A8D9-3CDFDF3E07EF}.Release|ARM.ActiveCfg = Release|iPhone
		{EC225EC8-30AF-4D1B-A8D9-3CDFDF3E07EF}.Release|iPhone.ActiveCfg = Release|iPhone
		{EC225EC8-30AF-4D1B-A8D9-3CDFDF3E07EF}.Release|iPhone.Build.0 = Release|iPhone
		{EC225EC8-30AF-4D1B-A8D9-3CDFDF3E07EF}.Release|iPhoneSimulator.ActiveCfg = Release|iPhoneSimulator
		{EC225EC8-30AF-4D1B-A8D9-3CDFDF3E07EF}.Release|iPhoneSimulator.Build.0 = Release|iPhoneSimulator
		{EC225EC8-30AF-4D1B-A8D9-3CDFDF3E07EF}.Release|x64.ActiveCfg = Release|iPhone
		{EC225EC8-30AF-4D1B-A8D9-3CDFDF3E07EF}.Release|x86.ActiveCfg = Release|iPhone
		{B22E5FCC-C75C-459D-9A67-A50FE23742B2}.Ad-Hoc|Any CPU.ActiveCfg = Release|Any CPU
		{B22E5FCC-C75C-459D-9A67-A50FE23742B2}.Ad-Hoc|Any CPU.Build.0 = Release|Any CPU
		{B22E5FCC-C75C-459D-9A67-A50FE23742B2}.Ad-Hoc|Any CPU.Deploy.0 = Release|Any CPU
		{B22E5FCC-C75C-459D-9A67-A50FE23742B2}.Ad-Hoc|ARM.ActiveCfg = Release|Any CPU
		{B22E5FCC-C75C-459D-9A67-A50FE23742B2}.Ad-Hoc|ARM.Build.0 = Release|Any CPU
		{B22E5FCC-C75C-459D-9A67-A50FE23742B2}.Ad-Hoc|ARM.Deploy.0 = Release|Any CPU
		{B22E5FCC-C75C-459D-9A67-A50FE23742B2}.Ad-Hoc|iPhone.ActiveCfg = Release|Any CPU
		{B22E5FCC-C75C-459D-9A67-A50FE23742B2}.Ad-Hoc|iPhone.Build.0 = Release|Any CPU
		{B22E5FCC-C75C-459D-9A67-A50FE23742B2}.Ad-Hoc|iPhone.Deploy.0 = Release|Any CPU
		{B22E5FCC-C75C-459D-9A67-A50FE23742B2}.Ad-Hoc|iPhoneSimulator.ActiveCfg = Release|Any CPU
		{B22E5FCC-C75C-459D-9A67-A50FE23742B2}.Ad-Hoc|iPhoneSimulator.Build.0 = Release|Any CPU
		{B22E5FCC-C75C-459D-9A67-A50FE23742B2}.Ad-Hoc|iPhoneSimulator.Deploy.0 = Release|Any CPU
		{B22E5FCC-C75C-459D-9A67-A50FE23742B2}.Ad-Hoc|x64.ActiveCfg = Release|Any CPU
		{B22E5FCC-C75C-459D-9A67-A50FE23742B2}.Ad-Hoc|x64.Build.0 = Release|Any CPU
		{B22E5FCC-C75C-459D-9A67-A50FE23742B2}.Ad-Hoc|x64.Deploy.0 = Release|Any CPU
		{B22E5FCC-C75C-459D-9A67-A50FE23742B2}.Ad-Hoc|x86.ActiveCfg = Release|Any CPU
		{B22E5FCC-C75C-459D-9A67-A50FE23742B2}.Ad-Hoc|x86.Build.0 = Release|Any CPU
		{B22E5FCC-C75C-459D-9A67-A50FE23742B2}.Ad-Hoc|x86.Deploy.0 = Release|Any CPU
		{B22E5FCC-C75C-459D-9A67-A50FE23742B2}.AppStore|Any CPU.ActiveCfg = Release|Any CPU
		{B22E5FCC-C75C-459D-9A67-A50FE23742B2}.AppStore|Any CPU.Build.0 = Release|Any CPU
		{B22E5FCC-C75C-459D-9A67-A50FE23742B2}.AppStore|Any CPU.Deploy.0 = Release|Any CPU
		{B22E5FCC-C75C-459D-9A67-A50FE23742B2}.AppStore|ARM.ActiveCfg = Release|Any CPU
		{B22E5FCC-C75C-459D-9A67-A50FE23742B2}.AppStore|ARM.Build.0 = Release|Any CPU
		{B22E5FCC-C75C-459D-9A67-A50FE23742B2}.AppStore|ARM.Deploy.0 = Release|Any CPU
		{B22E5FCC-C75C-459D-9A67-A50FE23742B2}.AppStore|iPhone.ActiveCfg = Release|Any CPU
		{B22E5FCC-C75C-459D-9A67-A50FE23742B2}.AppStore|iPhone.Build.0 = Release|Any CPU
		{B22E5FCC-C75C-459D-9A67-A50FE23742B2}.AppStore|iPhone.Deploy.0 = Release|Any CPU
		{B22E5FCC-C75C-459D-9A67-A50FE23742B2}.AppStore|iPhoneSimulator.ActiveCfg = Release|Any CPU
		{B22E5FCC-C75C-459D-9A67-A50FE23742B2}.AppStore|iPhoneSimulator.Build.0 = Release|Any CPU
		{B22E5FCC-C75C-459D-9A67-A50FE23742B2}.AppStore|iPhoneSimulator.Deploy.0 = Release|Any CPU
		{B22E5FCC-C75C-459D-9A67-A50FE23742B2}.AppStore|x64.ActiveCfg = Release|Any CPU
		{B22E5FCC-C75C-459D-9A67-A50FE23742B2}.AppStore|x64.Build.0 = Release|Any CPU
		{B22E5FCC-C75C-459D-9A67-A50FE23742B2}.AppStore|x64.Deploy.0 = Release|Any CPU
		{B22E5FCC-C75C-459D-9A67-A50FE23742B2}.AppStore|x86.ActiveCfg = Release|Any CPU
		{B22E5FCC-C75C-459D-9A67-A50FE23742B2}.AppStore|x86.Build.0 = Release|Any CPU
		{B22E5FCC-C75C-459D-9A67-A50FE23742B2}.AppStore|x86.Deploy.0 = Release|Any CPU
		{B22E5FCC-C75C-459D-9A67-A50FE23742B2}.Debug|Any CPU.ActiveCfg = Debug|Any CPU
		{B22E5FCC-C75C-459D-9A67-A50FE23742B2}.Debug|Any CPU.Build.0 = Debug|Any CPU
		{B22E5FCC-C75C-459D-9A67-A50FE23742B2}.Debug|Any CPU.Deploy.0 = Debug|Any CPU
		{B22E5FCC-C75C-459D-9A67-A50FE23742B2}.Debug|ARM.ActiveCfg = Debug|Any CPU
		{B22E5FCC-C75C-459D-9A67-A50FE23742B2}.Debug|ARM.Build.0 = Debug|Any CPU
		{B22E5FCC-C75C-459D-9A67-A50FE23742B2}.Debug|ARM.Deploy.0 = Debug|Any CPU
		{B22E5FCC-C75C-459D-9A67-A50FE23742B2}.Debug|iPhone.ActiveCfg = Debug|Any CPU
		{B22E5FCC-C75C-459D-9A67-A50FE23742B2}.Debug|iPhone.Build.0 = Debug|Any CPU
		{B22E5FCC-C75C-459D-9A67-A50FE23742B2}.Debug|iPhone.Deploy.0 = Debug|Any CPU
		{B22E5FCC-C75C-459D-9A67-A50FE23742B2}.Debug|iPhoneSimulator.ActiveCfg = Debug|Any CPU
		{B22E5FCC-C75C-459D-9A67-A50FE23742B2}.Debug|iPhoneSimulator.Build.0 = Debug|Any CPU
		{B22E5FCC-C75C-459D-9A67-A50FE23742B2}.Debug|iPhoneSimulator.Deploy.0 = Debug|Any CPU
		{B22E5FCC-C75C-459D-9A67-A50FE23742B2}.Debug|x64.ActiveCfg = Debug|Any CPU
		{B22E5FCC-C75C-459D-9A67-A50FE23742B2}.Debug|x64.Build.0 = Debug|Any CPU
		{B22E5FCC-C75C-459D-9A67-A50FE23742B2}.Debug|x64.Deploy.0 = Debug|Any CPU
		{B22E5FCC-C75C-459D-9A67-A50FE23742B2}.Debug|x86.ActiveCfg = Debug|Any CPU
		{B22E5FCC-C75C-459D-9A67-A50FE23742B2}.Debug|x86.Build.0 = Debug|Any CPU
		{B22E5FCC-C75C-459D-9A67-A50FE23742B2}.Debug|x86.Deploy.0 = Debug|Any CPU
		{B22E5FCC-C75C-459D-9A67-A50FE23742B2}.Release|Any CPU.ActiveCfg = Release|Any CPU
		{B22E5FCC-C75C-459D-9A67-A50FE23742B2}.Release|Any CPU.Build.0 = Release|Any CPU
		{B22E5FCC-C75C-459D-9A67-A50FE23742B2}.Release|Any CPU.Deploy.0 = Release|Any CPU
		{B22E5FCC-C75C-459D-9A67-A50FE23742B2}.Release|ARM.ActiveCfg = Release|Any CPU
		{B22E5FCC-C75C-459D-9A67-A50FE23742B2}.Release|ARM.Build.0 = Release|Any CPU
		{B22E5FCC-C75C-459D-9A67-A50FE23742B2}.Release|ARM.Deploy.0 = Release|Any CPU
		{B22E5FCC-C75C-459D-9A67-A50FE23742B2}.Release|iPhone.ActiveCfg = Release|Any CPU
		{B22E5FCC-C75C-459D-9A67-A50FE23742B2}.Release|iPhone.Build.0 = Release|Any CPU
		{B22E5FCC-C75C-459D-9A67-A50FE23742B2}.Release|iPhone.Deploy.0 = Release|Any CPU
		{B22E5FCC-C75C-459D-9A67-A50FE23742B2}.Release|iPhoneSimulator.ActiveCfg = Release|Any CPU
		{B22E5FCC-C75C-459D-9A67-A50FE23742B2}.Release|iPhoneSimulator.Build.0 = Release|Any CPU
		{B22E5FCC-C75C-459D-9A67-A50FE23742B2}.Release|iPhoneSimulator.Deploy.0 = Release|Any CPU
		{B22E5FCC-C75C-459D-9A67-A50FE23742B2}.Release|x64.ActiveCfg = Release|Any CPU
		{B22E5FCC-C75C-459D-9A67-A50FE23742B2}.Release|x64.Build.0 = Release|Any CPU
		{B22E5FCC-C75C-459D-9A67-A50FE23742B2}.Release|x64.Deploy.0 = Release|Any CPU
		{B22E5FCC-C75C-459D-9A67-A50FE23742B2}.Release|x86.ActiveCfg = Release|Any CPU
		{B22E5FCC-C75C-459D-9A67-A50FE23742B2}.Release|x86.Build.0 = Release|Any CPU
		{B22E5FCC-C75C-459D-9A67-A50FE23742B2}.Release|x86.Deploy.0 = Release|Any CPU
		{0981B78D-EBB3-4399-AFD8-7C68C15DA82C}.Ad-Hoc|Any CPU.ActiveCfg = Release|Any CPU
		{0981B78D-EBB3-4399-AFD8-7C68C15DA82C}.Ad-Hoc|Any CPU.Build.0 = Release|Any CPU
		{0981B78D-EBB3-4399-AFD8-7C68C15DA82C}.Ad-Hoc|ARM.ActiveCfg = Release|Any CPU
		{0981B78D-EBB3-4399-AFD8-7C68C15DA82C}.Ad-Hoc|ARM.Build.0 = Release|Any CPU
		{0981B78D-EBB3-4399-AFD8-7C68C15DA82C}.Ad-Hoc|iPhone.ActiveCfg = Release|Any CPU
		{0981B78D-EBB3-4399-AFD8-7C68C15DA82C}.Ad-Hoc|iPhone.Build.0 = Release|Any CPU
		{0981B78D-EBB3-4399-AFD8-7C68C15DA82C}.Ad-Hoc|iPhoneSimulator.ActiveCfg = Release|Any CPU
		{0981B78D-EBB3-4399-AFD8-7C68C15DA82C}.Ad-Hoc|iPhoneSimulator.Build.0 = Release|Any CPU
		{0981B78D-EBB3-4399-AFD8-7C68C15DA82C}.Ad-Hoc|x64.ActiveCfg = Release|Any CPU
		{0981B78D-EBB3-4399-AFD8-7C68C15DA82C}.Ad-Hoc|x64.Build.0 = Release|Any CPU
		{0981B78D-EBB3-4399-AFD8-7C68C15DA82C}.Ad-Hoc|x86.ActiveCfg = Release|Any CPU
		{0981B78D-EBB3-4399-AFD8-7C68C15DA82C}.Ad-Hoc|x86.Build.0 = Release|Any CPU
		{0981B78D-EBB3-4399-AFD8-7C68C15DA82C}.AppStore|Any CPU.ActiveCfg = Release|Any CPU
		{0981B78D-EBB3-4399-AFD8-7C68C15DA82C}.AppStore|Any CPU.Build.0 = Release|Any CPU
		{0981B78D-EBB3-4399-AFD8-7C68C15DA82C}.AppStore|ARM.ActiveCfg = Release|Any CPU
		{0981B78D-EBB3-4399-AFD8-7C68C15DA82C}.AppStore|ARM.Build.0 = Release|Any CPU
		{0981B78D-EBB3-4399-AFD8-7C68C15DA82C}.AppStore|iPhone.ActiveCfg = Release|Any CPU
		{0981B78D-EBB3-4399-AFD8-7C68C15DA82C}.AppStore|iPhone.Build.0 = Release|Any CPU
		{0981B78D-EBB3-4399-AFD8-7C68C15DA82C}.AppStore|iPhoneSimulator.ActiveCfg = Release|Any CPU
		{0981B78D-EBB3-4399-AFD8-7C68C15DA82C}.AppStore|iPhoneSimulator.Build.0 = Release|Any CPU
		{0981B78D-EBB3-4399-AFD8-7C68C15DA82C}.AppStore|x64.ActiveCfg = Release|Any CPU
		{0981B78D-EBB3-4399-AFD8-7C68C15DA82C}.AppStore|x64.Build.0 = Release|Any CPU
		{0981B78D-EBB3-4399-AFD8-7C68C15DA82C}.AppStore|x86.ActiveCfg = Release|Any CPU
		{0981B78D-EBB3-4399-AFD8-7C68C15DA82C}.AppStore|x86.Build.0 = Release|Any CPU
		{0981B78D-EBB3-4399-AFD8-7C68C15DA82C}.Debug|Any CPU.ActiveCfg = Debug|Any CPU
		{0981B78D-EBB3-4399-AFD8-7C68C15DA82C}.Debug|Any CPU.Build.0 = Debug|Any CPU
		{0981B78D-EBB3-4399-AFD8-7C68C15DA82C}.Debug|ARM.ActiveCfg = Debug|Any CPU
		{0981B78D-EBB3-4399-AFD8-7C68C15DA82C}.Debug|ARM.Build.0 = Debug|Any CPU
		{0981B78D-EBB3-4399-AFD8-7C68C15DA82C}.Debug|iPhone.ActiveCfg = Debug|Any CPU
		{0981B78D-EBB3-4399-AFD8-7C68C15DA82C}.Debug|iPhone.Build.0 = Debug|Any CPU
		{0981B78D-EBB3-4399-AFD8-7C68C15DA82C}.Debug|iPhoneSimulator.ActiveCfg = Debug|Any CPU
		{0981B78D-EBB3-4399-AFD8-7C68C15DA82C}.Debug|iPhoneSimulator.Build.0 = Debug|Any CPU
		{0981B78D-EBB3-4399-AFD8-7C68C15DA82C}.Debug|x64.ActiveCfg = Debug|Any CPU
		{0981B78D-EBB3-4399-AFD8-7C68C15DA82C}.Debug|x64.Build.0 = Debug|Any CPU
		{0981B78D-EBB3-4399-AFD8-7C68C15DA82C}.Debug|x86.ActiveCfg = Debug|Any CPU
		{0981B78D-EBB3-4399-AFD8-7C68C15DA82C}.Debug|x86.Build.0 = Debug|Any CPU
		{0981B78D-EBB3-4399-AFD8-7C68C15DA82C}.Release|Any CPU.ActiveCfg = Release|Any CPU
		{0981B78D-EBB3-4399-AFD8-7C68C15DA82C}.Release|Any CPU.Build.0 = Release|Any CPU
		{0981B78D-EBB3-4399-AFD8-7C68C15DA82C}.Release|ARM.ActiveCfg = Release|Any CPU
		{0981B78D-EBB3-4399-AFD8-7C68C15DA82C}.Release|ARM.Build.0 = Release|Any CPU
		{0981B78D-EBB3-4399-AFD8-7C68C15DA82C}.Release|iPhone.ActiveCfg = Release|Any CPU
		{0981B78D-EBB3-4399-AFD8-7C68C15DA82C}.Release|iPhone.Build.0 = Release|Any CPU
		{0981B78D-EBB3-4399-AFD8-7C68C15DA82C}.Release|iPhoneSimulator.ActiveCfg = Release|Any CPU
		{0981B78D-EBB3-4399-AFD8-7C68C15DA82C}.Release|iPhoneSimulator.Build.0 = Release|Any CPU
		{0981B78D-EBB3-4399-AFD8-7C68C15DA82C}.Release|x64.ActiveCfg = Release|Any CPU
		{0981B78D-EBB3-4399-AFD8-7C68C15DA82C}.Release|x64.Build.0 = Release|Any CPU
		{0981B78D-EBB3-4399-AFD8-7C68C15DA82C}.Release|x86.ActiveCfg = Release|Any CPU
		{0981B78D-EBB3-4399-AFD8-7C68C15DA82C}.Release|x86.Build.0 = Release|Any CPU
		{49A5580A-0072-4FFD-B6D4-586555B6B1E3}.Ad-Hoc|Any CPU.ActiveCfg = Release|x86
		{49A5580A-0072-4FFD-B6D4-586555B6B1E3}.Ad-Hoc|Any CPU.Build.0 = Release|x86
		{49A5580A-0072-4FFD-B6D4-586555B6B1E3}.Ad-Hoc|Any CPU.Deploy.0 = Release|x86
		{49A5580A-0072-4FFD-B6D4-586555B6B1E3}.Ad-Hoc|ARM.ActiveCfg = Release|ARM
		{49A5580A-0072-4FFD-B6D4-586555B6B1E3}.Ad-Hoc|ARM.Build.0 = Release|ARM
		{49A5580A-0072-4FFD-B6D4-586555B6B1E3}.Ad-Hoc|ARM.Deploy.0 = Release|ARM
		{49A5580A-0072-4FFD-B6D4-586555B6B1E3}.Ad-Hoc|iPhone.ActiveCfg = Release|x86
		{49A5580A-0072-4FFD-B6D4-586555B6B1E3}.Ad-Hoc|iPhone.Build.0 = Release|x86
		{49A5580A-0072-4FFD-B6D4-586555B6B1E3}.Ad-Hoc|iPhone.Deploy.0 = Release|x86
		{49A5580A-0072-4FFD-B6D4-586555B6B1E3}.Ad-Hoc|iPhoneSimulator.ActiveCfg = Release|x86
		{49A5580A-0072-4FFD-B6D4-586555B6B1E3}.Ad-Hoc|iPhoneSimulator.Build.0 = Release|x86
		{49A5580A-0072-4FFD-B6D4-586555B6B1E3}.Ad-Hoc|iPhoneSimulator.Deploy.0 = Release|x86
		{49A5580A-0072-4FFD-B6D4-586555B6B1E3}.Ad-Hoc|x64.ActiveCfg = Release|x64
		{49A5580A-0072-4FFD-B6D4-586555B6B1E3}.Ad-Hoc|x64.Build.0 = Release|x64
		{49A5580A-0072-4FFD-B6D4-586555B6B1E3}.Ad-Hoc|x64.Deploy.0 = Release|x64
		{49A5580A-0072-4FFD-B6D4-586555B6B1E3}.Ad-Hoc|x86.ActiveCfg = Release|x86
		{49A5580A-0072-4FFD-B6D4-586555B6B1E3}.Ad-Hoc|x86.Build.0 = Release|x86
		{49A5580A-0072-4FFD-B6D4-586555B6B1E3}.Ad-Hoc|x86.Deploy.0 = Release|x86
		{49A5580A-0072-4FFD-B6D4-586555B6B1E3}.AppStore|Any CPU.ActiveCfg = Release|x86
		{49A5580A-0072-4FFD-B6D4-586555B6B1E3}.AppStore|Any CPU.Build.0 = Release|x86
		{49A5580A-0072-4FFD-B6D4-586555B6B1E3}.AppStore|Any CPU.Deploy.0 = Release|x86
		{49A5580A-0072-4FFD-B6D4-586555B6B1E3}.AppStore|ARM.ActiveCfg = Release|ARM
		{49A5580A-0072-4FFD-B6D4-586555B6B1E3}.AppStore|ARM.Build.0 = Release|ARM
		{49A5580A-0072-4FFD-B6D4-586555B6B1E3}.AppStore|ARM.Deploy.0 = Release|ARM
		{49A5580A-0072-4FFD-B6D4-586555B6B1E3}.AppStore|iPhone.ActiveCfg = Release|x86
		{49A5580A-0072-4FFD-B6D4-586555B6B1E3}.AppStore|iPhone.Build.0 = Release|x86
		{49A5580A-0072-4FFD-B6D4-586555B6B1E3}.AppStore|iPhone.Deploy.0 = Release|x86
		{49A5580A-0072-4FFD-B6D4-586555B6B1E3}.AppStore|iPhoneSimulator.ActiveCfg = Release|x86
		{49A5580A-0072-4FFD-B6D4-586555B6B1E3}.AppStore|iPhoneSimulator.Build.0 = Release|x86
		{49A5580A-0072-4FFD-B6D4-586555B6B1E3}.AppStore|iPhoneSimulator.Deploy.0 = Release|x86
		{49A5580A-0072-4FFD-B6D4-586555B6B1E3}.AppStore|x64.ActiveCfg = Release|x64
		{49A5580A-0072-4FFD-B6D4-586555B6B1E3}.AppStore|x64.Build.0 = Release|x64
		{49A5580A-0072-4FFD-B6D4-586555B6B1E3}.AppStore|x64.Deploy.0 = Release|x64
		{49A5580A-0072-4FFD-B6D4-586555B6B1E3}.AppStore|x86.ActiveCfg = Release|x86
		{49A5580A-0072-4FFD-B6D4-586555B6B1E3}.AppStore|x86.Build.0 = Release|x86
		{49A5580A-0072-4FFD-B6D4-586555B6B1E3}.AppStore|x86.Deploy.0 = Release|x86
		{49A5580A-0072-4FFD-B6D4-586555B6B1E3}.Debug|Any CPU.ActiveCfg = Debug|x86
		{49A5580A-0072-4FFD-B6D4-586555B6B1E3}.Debug|ARM.ActiveCfg = Debug|ARM
		{49A5580A-0072-4FFD-B6D4-586555B6B1E3}.Debug|ARM.Build.0 = Debug|ARM
		{49A5580A-0072-4FFD-B6D4-586555B6B1E3}.Debug|ARM.Deploy.0 = Debug|ARM
		{49A5580A-0072-4FFD-B6D4-586555B6B1E3}.Debug|iPhone.ActiveCfg = Debug|x86
		{49A5580A-0072-4FFD-B6D4-586555B6B1E3}.Debug|iPhoneSimulator.ActiveCfg = Debug|x86
		{49A5580A-0072-4FFD-B6D4-586555B6B1E3}.Debug|x64.ActiveCfg = Debug|x64
		{49A5580A-0072-4FFD-B6D4-586555B6B1E3}.Debug|x64.Build.0 = Debug|x64
		{49A5580A-0072-4FFD-B6D4-586555B6B1E3}.Debug|x64.Deploy.0 = Debug|x64
		{49A5580A-0072-4FFD-B6D4-586555B6B1E3}.Debug|x86.ActiveCfg = Debug|x86
		{49A5580A-0072-4FFD-B6D4-586555B6B1E3}.Debug|x86.Build.0 = Debug|x86
		{49A5580A-0072-4FFD-B6D4-586555B6B1E3}.Debug|x86.Deploy.0 = Debug|x86
		{49A5580A-0072-4FFD-B6D4-586555B6B1E3}.Release|Any CPU.ActiveCfg = Release|x86
		{49A5580A-0072-4FFD-B6D4-586555B6B1E3}.Release|ARM.ActiveCfg = Release|ARM
		{49A5580A-0072-4FFD-B6D4-586555B6B1E3}.Release|ARM.Build.0 = Release|ARM
		{49A5580A-0072-4FFD-B6D4-586555B6B1E3}.Release|ARM.Deploy.0 = Release|ARM
		{49A5580A-0072-4FFD-B6D4-586555B6B1E3}.Release|iPhone.ActiveCfg = Release|x86
		{49A5580A-0072-4FFD-B6D4-586555B6B1E3}.Release|iPhoneSimulator.ActiveCfg = Release|x86
		{49A5580A-0072-4FFD-B6D4-586555B6B1E3}.Release|x64.ActiveCfg = Release|x64
		{49A5580A-0072-4FFD-B6D4-586555B6B1E3}.Release|x64.Build.0 = Release|x64
		{49A5580A-0072-4FFD-B6D4-586555B6B1E3}.Release|x64.Deploy.0 = Release|x64
		{49A5580A-0072-4FFD-B6D4-586555B6B1E3}.Release|x86.ActiveCfg = Release|x86
		{49A5580A-0072-4FFD-B6D4-586555B6B1E3}.Release|x86.Build.0 = Release|x86
		{49A5580A-0072-4FFD-B6D4-586555B6B1E3}.Release|x86.Deploy.0 = Release|x86
		{7A202EB2-7054-4630-89E4-6237C7490A54}.Ad-Hoc|Any CPU.ActiveCfg = Ad-Hoc|iPhone
		{7A202EB2-7054-4630-89E4-6237C7490A54}.Ad-Hoc|ARM.ActiveCfg = Ad-Hoc|iPhone
		{7A202EB2-7054-4630-89E4-6237C7490A54}.Ad-Hoc|iPhone.ActiveCfg = Ad-Hoc|iPhone
		{7A202EB2-7054-4630-89E4-6237C7490A54}.Ad-Hoc|iPhone.Build.0 = Ad-Hoc|iPhone
		{7A202EB2-7054-4630-89E4-6237C7490A54}.Ad-Hoc|iPhoneSimulator.ActiveCfg = Ad-Hoc|iPhoneSimulator
		{7A202EB2-7054-4630-89E4-6237C7490A54}.Ad-Hoc|iPhoneSimulator.Build.0 = Ad-Hoc|iPhoneSimulator
		{7A202EB2-7054-4630-89E4-6237C7490A54}.Ad-Hoc|x64.ActiveCfg = Ad-Hoc|iPhone
		{7A202EB2-7054-4630-89E4-6237C7490A54}.Ad-Hoc|x86.ActiveCfg = Ad-Hoc|iPhone
		{7A202EB2-7054-4630-89E4-6237C7490A54}.AppStore|Any CPU.ActiveCfg = AppStore|iPhone
		{7A202EB2-7054-4630-89E4-6237C7490A54}.AppStore|ARM.ActiveCfg = AppStore|iPhone
		{7A202EB2-7054-4630-89E4-6237C7490A54}.AppStore|iPhone.ActiveCfg = AppStore|iPhone
		{7A202EB2-7054-4630-89E4-6237C7490A54}.AppStore|iPhone.Build.0 = AppStore|iPhone
		{7A202EB2-7054-4630-89E4-6237C7490A54}.AppStore|iPhoneSimulator.ActiveCfg = AppStore|iPhoneSimulator
		{7A202EB2-7054-4630-89E4-6237C7490A54}.AppStore|iPhoneSimulator.Build.0 = AppStore|iPhoneSimulator
		{7A202EB2-7054-4630-89E4-6237C7490A54}.AppStore|x64.ActiveCfg = AppStore|iPhone
		{7A202EB2-7054-4630-89E4-6237C7490A54}.AppStore|x86.ActiveCfg = AppStore|iPhone
		{7A202EB2-7054-4630-89E4-6237C7490A54}.Debug|Any CPU.ActiveCfg = Debug|iPhone
		{7A202EB2-7054-4630-89E4-6237C7490A54}.Debug|ARM.ActiveCfg = Debug|iPhone
		{7A202EB2-7054-4630-89E4-6237C7490A54}.Debug|iPhone.ActiveCfg = Debug|iPhone
		{7A202EB2-7054-4630-89E4-6237C7490A54}.Debug|iPhone.Build.0 = Debug|iPhone
		{7A202EB2-7054-4630-89E4-6237C7490A54}.Debug|iPhoneSimulator.ActiveCfg = Debug|iPhoneSimulator
		{7A202EB2-7054-4630-89E4-6237C7490A54}.Debug|iPhoneSimulator.Build.0 = Debug|iPhoneSimulator
		{7A202EB2-7054-4630-89E4-6237C7490A54}.Debug|x64.ActiveCfg = Debug|iPhone
		{7A202EB2-7054-4630-89E4-6237C7490A54}.Debug|x86.ActiveCfg = Debug|iPhone
		{7A202EB2-7054-4630-89E4-6237C7490A54}.Release|Any CPU.ActiveCfg = Release|iPhone
		{7A202EB2-7054-4630-89E4-6237C7490A54}.Release|ARM.ActiveCfg = Release|iPhone
		{7A202EB2-7054-4630-89E4-6237C7490A54}.Release|iPhone.ActiveCfg = Release|iPhone
		{7A202EB2-7054-4630-89E4-6237C7490A54}.Release|iPhone.Build.0 = Release|iPhone
		{7A202EB2-7054-4630-89E4-6237C7490A54}.Release|iPhoneSimulator.ActiveCfg = Release|iPhoneSimulator
		{7A202EB2-7054-4630-89E4-6237C7490A54}.Release|iPhoneSimulator.Build.0 = Release|iPhoneSimulator
		{7A202EB2-7054-4630-89E4-6237C7490A54}.Release|x64.ActiveCfg = Release|iPhone
		{7A202EB2-7054-4630-89E4-6237C7490A54}.Release|x86.ActiveCfg = Release|iPhone
		{5D4F78C3-A6FF-48C7-BC88-D4483750ACD5}.Ad-Hoc|Any CPU.ActiveCfg = Release|Any CPU
		{5D4F78C3-A6FF-48C7-BC88-D4483750ACD5}.Ad-Hoc|Any CPU.Build.0 = Release|Any CPU
		{5D4F78C3-A6FF-48C7-BC88-D4483750ACD5}.Ad-Hoc|Any CPU.Deploy.0 = Release|Any CPU
		{5D4F78C3-A6FF-48C7-BC88-D4483750ACD5}.Ad-Hoc|ARM.ActiveCfg = Release|Any CPU
		{5D4F78C3-A6FF-48C7-BC88-D4483750ACD5}.Ad-Hoc|ARM.Build.0 = Release|Any CPU
		{5D4F78C3-A6FF-48C7-BC88-D4483750ACD5}.Ad-Hoc|ARM.Deploy.0 = Release|Any CPU
		{5D4F78C3-A6FF-48C7-BC88-D4483750ACD5}.Ad-Hoc|iPhone.ActiveCfg = Release|Any CPU
		{5D4F78C3-A6FF-48C7-BC88-D4483750ACD5}.Ad-Hoc|iPhone.Build.0 = Release|Any CPU
		{5D4F78C3-A6FF-48C7-BC88-D4483750ACD5}.Ad-Hoc|iPhone.Deploy.0 = Release|Any CPU
		{5D4F78C3-A6FF-48C7-BC88-D4483750ACD5}.Ad-Hoc|iPhoneSimulator.ActiveCfg = Release|Any CPU
		{5D4F78C3-A6FF-48C7-BC88-D4483750ACD5}.Ad-Hoc|iPhoneSimulator.Build.0 = Release|Any CPU
		{5D4F78C3-A6FF-48C7-BC88-D4483750ACD5}.Ad-Hoc|iPhoneSimulator.Deploy.0 = Release|Any CPU
		{5D4F78C3-A6FF-48C7-BC88-D4483750ACD5}.Ad-Hoc|x64.ActiveCfg = Release|Any CPU
		{5D4F78C3-A6FF-48C7-BC88-D4483750ACD5}.Ad-Hoc|x64.Build.0 = Release|Any CPU
		{5D4F78C3-A6FF-48C7-BC88-D4483750ACD5}.Ad-Hoc|x64.Deploy.0 = Release|Any CPU
		{5D4F78C3-A6FF-48C7-BC88-D4483750ACD5}.Ad-Hoc|x86.ActiveCfg = Release|Any CPU
		{5D4F78C3-A6FF-48C7-BC88-D4483750ACD5}.Ad-Hoc|x86.Build.0 = Release|Any CPU
		{5D4F78C3-A6FF-48C7-BC88-D4483750ACD5}.Ad-Hoc|x86.Deploy.0 = Release|Any CPU
		{5D4F78C3-A6FF-48C7-BC88-D4483750ACD5}.AppStore|Any CPU.ActiveCfg = Release|Any CPU
		{5D4F78C3-A6FF-48C7-BC88-D4483750ACD5}.AppStore|Any CPU.Build.0 = Release|Any CPU
		{5D4F78C3-A6FF-48C7-BC88-D4483750ACD5}.AppStore|Any CPU.Deploy.0 = Release|Any CPU
		{5D4F78C3-A6FF-48C7-BC88-D4483750ACD5}.AppStore|ARM.ActiveCfg = Release|Any CPU
		{5D4F78C3-A6FF-48C7-BC88-D4483750ACD5}.AppStore|ARM.Build.0 = Release|Any CPU
		{5D4F78C3-A6FF-48C7-BC88-D4483750ACD5}.AppStore|ARM.Deploy.0 = Release|Any CPU
		{5D4F78C3-A6FF-48C7-BC88-D4483750ACD5}.AppStore|iPhone.ActiveCfg = Release|Any CPU
		{5D4F78C3-A6FF-48C7-BC88-D4483750ACD5}.AppStore|iPhone.Build.0 = Release|Any CPU
		{5D4F78C3-A6FF-48C7-BC88-D4483750ACD5}.AppStore|iPhone.Deploy.0 = Release|Any CPU
		{5D4F78C3-A6FF-48C7-BC88-D4483750ACD5}.AppStore|iPhoneSimulator.ActiveCfg = Release|Any CPU
		{5D4F78C3-A6FF-48C7-BC88-D4483750ACD5}.AppStore|iPhoneSimulator.Build.0 = Release|Any CPU
		{5D4F78C3-A6FF-48C7-BC88-D4483750ACD5}.AppStore|iPhoneSimulator.Deploy.0 = Release|Any CPU
		{5D4F78C3-A6FF-48C7-BC88-D4483750ACD5}.AppStore|x64.ActiveCfg = Release|Any CPU
		{5D4F78C3-A6FF-48C7-BC88-D4483750ACD5}.AppStore|x64.Build.0 = Release|Any CPU
		{5D4F78C3-A6FF-48C7-BC88-D4483750ACD5}.AppStore|x64.Deploy.0 = Release|Any CPU
		{5D4F78C3-A6FF-48C7-BC88-D4483750ACD5}.AppStore|x86.ActiveCfg = Release|Any CPU
		{5D4F78C3-A6FF-48C7-BC88-D4483750ACD5}.AppStore|x86.Build.0 = Release|Any CPU
		{5D4F78C3-A6FF-48C7-BC88-D4483750ACD5}.AppStore|x86.Deploy.0 = Release|Any CPU
		{5D4F78C3-A6FF-48C7-BC88-D4483750ACD5}.Debug|Any CPU.ActiveCfg = Debug|Any CPU
		{5D4F78C3-A6FF-48C7-BC88-D4483750ACD5}.Debug|Any CPU.Build.0 = Debug|Any CPU
		{5D4F78C3-A6FF-48C7-BC88-D4483750ACD5}.Debug|Any CPU.Deploy.0 = Debug|Any CPU
		{5D4F78C3-A6FF-48C7-BC88-D4483750ACD5}.Debug|ARM.ActiveCfg = Debug|Any CPU
		{5D4F78C3-A6FF-48C7-BC88-D4483750ACD5}.Debug|ARM.Build.0 = Debug|Any CPU
		{5D4F78C3-A6FF-48C7-BC88-D4483750ACD5}.Debug|ARM.Deploy.0 = Debug|Any CPU
		{5D4F78C3-A6FF-48C7-BC88-D4483750ACD5}.Debug|iPhone.ActiveCfg = Debug|Any CPU
		{5D4F78C3-A6FF-48C7-BC88-D4483750ACD5}.Debug|iPhone.Build.0 = Debug|Any CPU
		{5D4F78C3-A6FF-48C7-BC88-D4483750ACD5}.Debug|iPhone.Deploy.0 = Debug|Any CPU
		{5D4F78C3-A6FF-48C7-BC88-D4483750ACD5}.Debug|iPhoneSimulator.ActiveCfg = Debug|Any CPU
		{5D4F78C3-A6FF-48C7-BC88-D4483750ACD5}.Debug|iPhoneSimulator.Build.0 = Debug|Any CPU
		{5D4F78C3-A6FF-48C7-BC88-D4483750ACD5}.Debug|iPhoneSimulator.Deploy.0 = Debug|Any CPU
		{5D4F78C3-A6FF-48C7-BC88-D4483750ACD5}.Debug|x64.ActiveCfg = Debug|Any CPU
		{5D4F78C3-A6FF-48C7-BC88-D4483750ACD5}.Debug|x64.Build.0 = Debug|Any CPU
		{5D4F78C3-A6FF-48C7-BC88-D4483750ACD5}.Debug|x64.Deploy.0 = Debug|Any CPU
		{5D4F78C3-A6FF-48C7-BC88-D4483750ACD5}.Debug|x86.ActiveCfg = Debug|Any CPU
		{5D4F78C3-A6FF-48C7-BC88-D4483750ACD5}.Debug|x86.Build.0 = Debug|Any CPU
		{5D4F78C3-A6FF-48C7-BC88-D4483750ACD5}.Debug|x86.Deploy.0 = Debug|Any CPU
		{5D4F78C3-A6FF-48C7-BC88-D4483750ACD5}.Release|Any CPU.ActiveCfg = Release|Any CPU
		{5D4F78C3-A6FF-48C7-BC88-D4483750ACD5}.Release|Any CPU.Build.0 = Release|Any CPU
		{5D4F78C3-A6FF-48C7-BC88-D4483750ACD5}.Release|Any CPU.Deploy.0 = Release|Any CPU
		{5D4F78C3-A6FF-48C7-BC88-D4483750ACD5}.Release|ARM.ActiveCfg = Release|Any CPU
		{5D4F78C3-A6FF-48C7-BC88-D4483750ACD5}.Release|ARM.Build.0 = Release|Any CPU
		{5D4F78C3-A6FF-48C7-BC88-D4483750ACD5}.Release|ARM.Deploy.0 = Release|Any CPU
		{5D4F78C3-A6FF-48C7-BC88-D4483750ACD5}.Release|iPhone.ActiveCfg = Release|Any CPU
		{5D4F78C3-A6FF-48C7-BC88-D4483750ACD5}.Release|iPhone.Build.0 = Release|Any CPU
		{5D4F78C3-A6FF-48C7-BC88-D4483750ACD5}.Release|iPhone.Deploy.0 = Release|Any CPU
		{5D4F78C3-A6FF-48C7-BC88-D4483750ACD5}.Release|iPhoneSimulator.ActiveCfg = Release|Any CPU
		{5D4F78C3-A6FF-48C7-BC88-D4483750ACD5}.Release|iPhoneSimulator.Build.0 = Release|Any CPU
		{5D4F78C3-A6FF-48C7-BC88-D4483750ACD5}.Release|iPhoneSimulator.Deploy.0 = Release|Any CPU
		{5D4F78C3-A6FF-48C7-BC88-D4483750ACD5}.Release|x64.ActiveCfg = Release|Any CPU
		{5D4F78C3-A6FF-48C7-BC88-D4483750ACD5}.Release|x64.Build.0 = Release|Any CPU
		{5D4F78C3-A6FF-48C7-BC88-D4483750ACD5}.Release|x64.Deploy.0 = Release|Any CPU
		{5D4F78C3-A6FF-48C7-BC88-D4483750ACD5}.Release|x86.ActiveCfg = Release|Any CPU
		{5D4F78C3-A6FF-48C7-BC88-D4483750ACD5}.Release|x86.Build.0 = Release|Any CPU
		{5D4F78C3-A6FF-48C7-BC88-D4483750ACD5}.Release|x86.Deploy.0 = Release|Any CPU
		{489486EC-FD5E-4A2C-AD66-16219D2B785D}.Ad-Hoc|Any CPU.ActiveCfg = Release|Any CPU
		{489486EC-FD5E-4A2C-AD66-16219D2B785D}.Ad-Hoc|Any CPU.Build.0 = Release|Any CPU
		{489486EC-FD5E-4A2C-AD66-16219D2B785D}.Ad-Hoc|ARM.ActiveCfg = Release|Any CPU
		{489486EC-FD5E-4A2C-AD66-16219D2B785D}.Ad-Hoc|ARM.Build.0 = Release|Any CPU
		{489486EC-FD5E-4A2C-AD66-16219D2B785D}.Ad-Hoc|iPhone.ActiveCfg = Release|Any CPU
		{489486EC-FD5E-4A2C-AD66-16219D2B785D}.Ad-Hoc|iPhone.Build.0 = Release|Any CPU
		{489486EC-FD5E-4A2C-AD66-16219D2B785D}.Ad-Hoc|iPhoneSimulator.ActiveCfg = Release|Any CPU
		{489486EC-FD5E-4A2C-AD66-16219D2B785D}.Ad-Hoc|iPhoneSimulator.Build.0 = Release|Any CPU
		{489486EC-FD5E-4A2C-AD66-16219D2B785D}.Ad-Hoc|x64.ActiveCfg = Release|Any CPU
		{489486EC-FD5E-4A2C-AD66-16219D2B785D}.Ad-Hoc|x64.Build.0 = Release|Any CPU
		{489486EC-FD5E-4A2C-AD66-16219D2B785D}.Ad-Hoc|x86.ActiveCfg = Release|Any CPU
		{489486EC-FD5E-4A2C-AD66-16219D2B785D}.Ad-Hoc|x86.Build.0 = Release|Any CPU
		{489486EC-FD5E-4A2C-AD66-16219D2B785D}.AppStore|Any CPU.ActiveCfg = Release|Any CPU
		{489486EC-FD5E-4A2C-AD66-16219D2B785D}.AppStore|Any CPU.Build.0 = Release|Any CPU
		{489486EC-FD5E-4A2C-AD66-16219D2B785D}.AppStore|ARM.ActiveCfg = Release|Any CPU
		{489486EC-FD5E-4A2C-AD66-16219D2B785D}.AppStore|ARM.Build.0 = Release|Any CPU
		{489486EC-FD5E-4A2C-AD66-16219D2B785D}.AppStore|iPhone.ActiveCfg = Release|Any CPU
		{489486EC-FD5E-4A2C-AD66-16219D2B785D}.AppStore|iPhone.Build.0 = Release|Any CPU
		{489486EC-FD5E-4A2C-AD66-16219D2B785D}.AppStore|iPhoneSimulator.ActiveCfg = Release|Any CPU
		{489486EC-FD5E-4A2C-AD66-16219D2B785D}.AppStore|iPhoneSimulator.Build.0 = Release|Any CPU
		{489486EC-FD5E-4A2C-AD66-16219D2B785D}.AppStore|x64.ActiveCfg = Release|Any CPU
		{489486EC-FD5E-4A2C-AD66-16219D2B785D}.AppStore|x64.Build.0 = Release|Any CPU
		{489486EC-FD5E-4A2C-AD66-16219D2B785D}.AppStore|x86.ActiveCfg = Release|Any CPU
		{489486EC-FD5E-4A2C-AD66-16219D2B785D}.AppStore|x86.Build.0 = Release|Any CPU
		{489486EC-FD5E-4A2C-AD66-16219D2B785D}.Debug|Any CPU.ActiveCfg = Debug|Any CPU
		{489486EC-FD5E-4A2C-AD66-16219D2B785D}.Debug|Any CPU.Build.0 = Debug|Any CPU
		{489486EC-FD5E-4A2C-AD66-16219D2B785D}.Debug|ARM.ActiveCfg = Debug|Any CPU
		{489486EC-FD5E-4A2C-AD66-16219D2B785D}.Debug|ARM.Build.0 = Debug|Any CPU
		{489486EC-FD5E-4A2C-AD66-16219D2B785D}.Debug|iPhone.ActiveCfg = Debug|Any CPU
		{489486EC-FD5E-4A2C-AD66-16219D2B785D}.Debug|iPhone.Build.0 = Debug|Any CPU
		{489486EC-FD5E-4A2C-AD66-16219D2B785D}.Debug|iPhoneSimulator.ActiveCfg = Debug|Any CPU
		{489486EC-FD5E-4A2C-AD66-16219D2B785D}.Debug|iPhoneSimulator.Build.0 = Debug|Any CPU
		{489486EC-FD5E-4A2C-AD66-16219D2B785D}.Debug|x64.ActiveCfg = Debug|Any CPU
		{489486EC-FD5E-4A2C-AD66-16219D2B785D}.Debug|x64.Build.0 = Debug|Any CPU
		{489486EC-FD5E-4A2C-AD66-16219D2B785D}.Debug|x86.ActiveCfg = Debug|Any CPU
		{489486EC-FD5E-4A2C-AD66-16219D2B785D}.Debug|x86.Build.0 = Debug|Any CPU
		{489486EC-FD5E-4A2C-AD66-16219D2B785D}.Release|Any CPU.ActiveCfg = Release|Any CPU
		{489486EC-FD5E-4A2C-AD66-16219D2B785D}.Release|Any CPU.Build.0 = Release|Any CPU
		{489486EC-FD5E-4A2C-AD66-16219D2B785D}.Release|ARM.ActiveCfg = Release|Any CPU
		{489486EC-FD5E-4A2C-AD66-16219D2B785D}.Release|ARM.Build.0 = Release|Any CPU
		{489486EC-FD5E-4A2C-AD66-16219D2B785D}.Release|iPhone.ActiveCfg = Release|Any CPU
		{489486EC-FD5E-4A2C-AD66-16219D2B785D}.Release|iPhone.Build.0 = Release|Any CPU
		{489486EC-FD5E-4A2C-AD66-16219D2B785D}.Release|iPhoneSimulator.ActiveCfg = Release|Any CPU
		{489486EC-FD5E-4A2C-AD66-16219D2B785D}.Release|iPhoneSimulator.Build.0 = Release|Any CPU
		{489486EC-FD5E-4A2C-AD66-16219D2B785D}.Release|x64.ActiveCfg = Release|Any CPU
		{489486EC-FD5E-4A2C-AD66-16219D2B785D}.Release|x64.Build.0 = Release|Any CPU
		{489486EC-FD5E-4A2C-AD66-16219D2B785D}.Release|x86.ActiveCfg = Release|Any CPU
		{489486EC-FD5E-4A2C-AD66-16219D2B785D}.Release|x86.Build.0 = Release|Any CPU
		{A5D2C7C4-4758-4973-B8A3-4BF0340BFFD4}.Ad-Hoc|Any CPU.ActiveCfg = Release|x86
		{A5D2C7C4-4758-4973-B8A3-4BF0340BFFD4}.Ad-Hoc|Any CPU.Build.0 = Release|x86
		{A5D2C7C4-4758-4973-B8A3-4BF0340BFFD4}.Ad-Hoc|Any CPU.Deploy.0 = Release|x86
		{A5D2C7C4-4758-4973-B8A3-4BF0340BFFD4}.Ad-Hoc|ARM.ActiveCfg = Release|ARM
		{A5D2C7C4-4758-4973-B8A3-4BF0340BFFD4}.Ad-Hoc|ARM.Build.0 = Release|ARM
		{A5D2C7C4-4758-4973-B8A3-4BF0340BFFD4}.Ad-Hoc|ARM.Deploy.0 = Release|ARM
		{A5D2C7C4-4758-4973-B8A3-4BF0340BFFD4}.Ad-Hoc|iPhone.ActiveCfg = Release|x86
		{A5D2C7C4-4758-4973-B8A3-4BF0340BFFD4}.Ad-Hoc|iPhone.Build.0 = Release|x86
		{A5D2C7C4-4758-4973-B8A3-4BF0340BFFD4}.Ad-Hoc|iPhone.Deploy.0 = Release|x86
		{A5D2C7C4-4758-4973-B8A3-4BF0340BFFD4}.Ad-Hoc|iPhoneSimulator.ActiveCfg = Release|x86
		{A5D2C7C4-4758-4973-B8A3-4BF0340BFFD4}.Ad-Hoc|iPhoneSimulator.Build.0 = Release|x86
		{A5D2C7C4-4758-4973-B8A3-4BF0340BFFD4}.Ad-Hoc|iPhoneSimulator.Deploy.0 = Release|x86
		{A5D2C7C4-4758-4973-B8A3-4BF0340BFFD4}.Ad-Hoc|x64.ActiveCfg = Release|x64
		{A5D2C7C4-4758-4973-B8A3-4BF0340BFFD4}.Ad-Hoc|x64.Build.0 = Release|x64
		{A5D2C7C4-4758-4973-B8A3-4BF0340BFFD4}.Ad-Hoc|x64.Deploy.0 = Release|x64
		{A5D2C7C4-4758-4973-B8A3-4BF0340BFFD4}.Ad-Hoc|x86.ActiveCfg = Release|x86
		{A5D2C7C4-4758-4973-B8A3-4BF0340BFFD4}.Ad-Hoc|x86.Build.0 = Release|x86
		{A5D2C7C4-4758-4973-B8A3-4BF0340BFFD4}.Ad-Hoc|x86.Deploy.0 = Release|x86
		{A5D2C7C4-4758-4973-B8A3-4BF0340BFFD4}.AppStore|Any CPU.ActiveCfg = Release|x86
		{A5D2C7C4-4758-4973-B8A3-4BF0340BFFD4}.AppStore|Any CPU.Build.0 = Release|x86
		{A5D2C7C4-4758-4973-B8A3-4BF0340BFFD4}.AppStore|Any CPU.Deploy.0 = Release|x86
		{A5D2C7C4-4758-4973-B8A3-4BF0340BFFD4}.AppStore|ARM.ActiveCfg = Release|ARM
		{A5D2C7C4-4758-4973-B8A3-4BF0340BFFD4}.AppStore|ARM.Build.0 = Release|ARM
		{A5D2C7C4-4758-4973-B8A3-4BF0340BFFD4}.AppStore|ARM.Deploy.0 = Release|ARM
		{A5D2C7C4-4758-4973-B8A3-4BF0340BFFD4}.AppStore|iPhone.ActiveCfg = Release|x86
		{A5D2C7C4-4758-4973-B8A3-4BF0340BFFD4}.AppStore|iPhone.Build.0 = Release|x86
		{A5D2C7C4-4758-4973-B8A3-4BF0340BFFD4}.AppStore|iPhone.Deploy.0 = Release|x86
		{A5D2C7C4-4758-4973-B8A3-4BF0340BFFD4}.AppStore|iPhoneSimulator.ActiveCfg = Release|x86
		{A5D2C7C4-4758-4973-B8A3-4BF0340BFFD4}.AppStore|iPhoneSimulator.Build.0 = Release|x86
		{A5D2C7C4-4758-4973-B8A3-4BF0340BFFD4}.AppStore|iPhoneSimulator.Deploy.0 = Release|x86
		{A5D2C7C4-4758-4973-B8A3-4BF0340BFFD4}.AppStore|x64.ActiveCfg = Release|x64
		{A5D2C7C4-4758-4973-B8A3-4BF0340BFFD4}.AppStore|x64.Build.0 = Release|x64
		{A5D2C7C4-4758-4973-B8A3-4BF0340BFFD4}.AppStore|x64.Deploy.0 = Release|x64
		{A5D2C7C4-4758-4973-B8A3-4BF0340BFFD4}.AppStore|x86.ActiveCfg = Release|x86
		{A5D2C7C4-4758-4973-B8A3-4BF0340BFFD4}.AppStore|x86.Build.0 = Release|x86
		{A5D2C7C4-4758-4973-B8A3-4BF0340BFFD4}.AppStore|x86.Deploy.0 = Release|x86
		{A5D2C7C4-4758-4973-B8A3-4BF0340BFFD4}.Debug|Any CPU.ActiveCfg = Debug|x86
		{A5D2C7C4-4758-4973-B8A3-4BF0340BFFD4}.Debug|ARM.ActiveCfg = Debug|ARM
		{A5D2C7C4-4758-4973-B8A3-4BF0340BFFD4}.Debug|ARM.Build.0 = Debug|ARM
		{A5D2C7C4-4758-4973-B8A3-4BF0340BFFD4}.Debug|ARM.Deploy.0 = Debug|ARM
		{A5D2C7C4-4758-4973-B8A3-4BF0340BFFD4}.Debug|iPhone.ActiveCfg = Debug|x86
		{A5D2C7C4-4758-4973-B8A3-4BF0340BFFD4}.Debug|iPhoneSimulator.ActiveCfg = Debug|x86
		{A5D2C7C4-4758-4973-B8A3-4BF0340BFFD4}.Debug|x64.ActiveCfg = Debug|x64
		{A5D2C7C4-4758-4973-B8A3-4BF0340BFFD4}.Debug|x64.Build.0 = Debug|x64
		{A5D2C7C4-4758-4973-B8A3-4BF0340BFFD4}.Debug|x64.Deploy.0 = Debug|x64
		{A5D2C7C4-4758-4973-B8A3-4BF0340BFFD4}.Debug|x86.ActiveCfg = Debug|x86
		{A5D2C7C4-4758-4973-B8A3-4BF0340BFFD4}.Debug|x86.Build.0 = Debug|x86
		{A5D2C7C4-4758-4973-B8A3-4BF0340BFFD4}.Debug|x86.Deploy.0 = Debug|x86
		{A5D2C7C4-4758-4973-B8A3-4BF0340BFFD4}.Release|Any CPU.ActiveCfg = Release|x86
		{A5D2C7C4-4758-4973-B8A3-4BF0340BFFD4}.Release|ARM.ActiveCfg = Release|ARM
		{A5D2C7C4-4758-4973-B8A3-4BF0340BFFD4}.Release|ARM.Build.0 = Release|ARM
		{A5D2C7C4-4758-4973-B8A3-4BF0340BFFD4}.Release|ARM.Deploy.0 = Release|ARM
		{A5D2C7C4-4758-4973-B8A3-4BF0340BFFD4}.Release|iPhone.ActiveCfg = Release|x86
		{A5D2C7C4-4758-4973-B8A3-4BF0340BFFD4}.Release|iPhoneSimulator.ActiveCfg = Release|x86
		{A5D2C7C4-4758-4973-B8A3-4BF0340BFFD4}.Release|x64.ActiveCfg = Release|x64
		{A5D2C7C4-4758-4973-B8A3-4BF0340BFFD4}.Release|x64.Build.0 = Release|x64
		{A5D2C7C4-4758-4973-B8A3-4BF0340BFFD4}.Release|x64.Deploy.0 = Release|x64
		{A5D2C7C4-4758-4973-B8A3-4BF0340BFFD4}.Release|x86.ActiveCfg = Release|x86
		{A5D2C7C4-4758-4973-B8A3-4BF0340BFFD4}.Release|x86.Build.0 = Release|x86
		{A5D2C7C4-4758-4973-B8A3-4BF0340BFFD4}.Release|x86.Deploy.0 = Release|x86
		{A68962F7-614A-469E-95C8-C3511F0258DC}.Ad-Hoc|Any CPU.ActiveCfg = Ad-Hoc|iPhone
		{A68962F7-614A-469E-95C8-C3511F0258DC}.Ad-Hoc|ARM.ActiveCfg = Ad-Hoc|iPhone
		{A68962F7-614A-469E-95C8-C3511F0258DC}.Ad-Hoc|iPhone.ActiveCfg = Ad-Hoc|iPhone
		{A68962F7-614A-469E-95C8-C3511F0258DC}.Ad-Hoc|iPhone.Build.0 = Ad-Hoc|iPhone
		{A68962F7-614A-469E-95C8-C3511F0258DC}.Ad-Hoc|iPhoneSimulator.ActiveCfg = Ad-Hoc|iPhoneSimulator
		{A68962F7-614A-469E-95C8-C3511F0258DC}.Ad-Hoc|iPhoneSimulator.Build.0 = Ad-Hoc|iPhoneSimulator
		{A68962F7-614A-469E-95C8-C3511F0258DC}.Ad-Hoc|x64.ActiveCfg = Ad-Hoc|iPhone
		{A68962F7-614A-469E-95C8-C3511F0258DC}.Ad-Hoc|x86.ActiveCfg = Ad-Hoc|iPhone
		{A68962F7-614A-469E-95C8-C3511F0258DC}.AppStore|Any CPU.ActiveCfg = AppStore|iPhone
		{A68962F7-614A-469E-95C8-C3511F0258DC}.AppStore|ARM.ActiveCfg = AppStore|iPhone
		{A68962F7-614A-469E-95C8-C3511F0258DC}.AppStore|iPhone.ActiveCfg = AppStore|iPhone
		{A68962F7-614A-469E-95C8-C3511F0258DC}.AppStore|iPhone.Build.0 = AppStore|iPhone
		{A68962F7-614A-469E-95C8-C3511F0258DC}.AppStore|iPhoneSimulator.ActiveCfg = AppStore|iPhoneSimulator
		{A68962F7-614A-469E-95C8-C3511F0258DC}.AppStore|iPhoneSimulator.Build.0 = AppStore|iPhoneSimulator
		{A68962F7-614A-469E-95C8-C3511F0258DC}.AppStore|x64.ActiveCfg = AppStore|iPhone
		{A68962F7-614A-469E-95C8-C3511F0258DC}.AppStore|x86.ActiveCfg = AppStore|iPhone
		{A68962F7-614A-469E-95C8-C3511F0258DC}.Debug|Any CPU.ActiveCfg = Debug|iPhone
		{A68962F7-614A-469E-95C8-C3511F0258DC}.Debug|ARM.ActiveCfg = Debug|iPhone
		{A68962F7-614A-469E-95C8-C3511F0258DC}.Debug|iPhone.ActiveCfg = Debug|iPhone
		{A68962F7-614A-469E-95C8-C3511F0258DC}.Debug|iPhone.Build.0 = Debug|iPhone
		{A68962F7-614A-469E-95C8-C3511F0258DC}.Debug|iPhoneSimulator.ActiveCfg = Debug|iPhoneSimulator
		{A68962F7-614A-469E-95C8-C3511F0258DC}.Debug|iPhoneSimulator.Build.0 = Debug|iPhoneSimulator
		{A68962F7-614A-469E-95C8-C3511F0258DC}.Debug|x64.ActiveCfg = Debug|iPhone
		{A68962F7-614A-469E-95C8-C3511F0258DC}.Debug|x86.ActiveCfg = Debug|iPhone
		{A68962F7-614A-469E-95C8-C3511F0258DC}.Release|Any CPU.ActiveCfg = Release|iPhone
		{A68962F7-614A-469E-95C8-C3511F0258DC}.Release|ARM.ActiveCfg = Release|iPhone
		{A68962F7-614A-469E-95C8-C3511F0258DC}.Release|iPhone.ActiveCfg = Release|iPhone
		{A68962F7-614A-469E-95C8-C3511F0258DC}.Release|iPhone.Build.0 = Release|iPhone
		{A68962F7-614A-469E-95C8-C3511F0258DC}.Release|iPhoneSimulator.ActiveCfg = Release|iPhoneSimulator
		{A68962F7-614A-469E-95C8-C3511F0258DC}.Release|iPhoneSimulator.Build.0 = Release|iPhoneSimulator
		{A68962F7-614A-469E-95C8-C3511F0258DC}.Release|x64.ActiveCfg = Release|iPhone
		{A68962F7-614A-469E-95C8-C3511F0258DC}.Release|x86.ActiveCfg = Release|iPhone
	EndGlobalSection
	GlobalSection(SolutionProperties) = preSolution
		HideSolutionNode = FALSE
	EndGlobalSection
	GlobalSection(NestedProjects) = preSolution
		{95FC82F0-9018-4F35-8DE0-382BC544B44B} = {003BF2DF-2545-4E96-9063-B592B1CADEF6}
		{0AF3735A-D2FF-4C6E-87C0-F542D4285C65} = {003BF2DF-2545-4E96-9063-B592B1CADEF6}
		{70B9A844-BC4A-425A-B40B-9F4AABAB7A4E} = {003BF2DF-2545-4E96-9063-B592B1CADEF6}
		{EC225EC8-30AF-4D1B-A8D9-3CDFDF3E07EF} = {003BF2DF-2545-4E96-9063-B592B1CADEF6}
		{B22E5FCC-C75C-459D-9A67-A50FE23742B2} = {ADEB438B-6ED9-4E9B-A1AD-0BB657D78575}
		{0981B78D-EBB3-4399-AFD8-7C68C15DA82C} = {ADEB438B-6ED9-4E9B-A1AD-0BB657D78575}
		{49A5580A-0072-4FFD-B6D4-586555B6B1E3} = {ADEB438B-6ED9-4E9B-A1AD-0BB657D78575}
		{7A202EB2-7054-4630-89E4-6237C7490A54} = {ADEB438B-6ED9-4E9B-A1AD-0BB657D78575}
		{5D4F78C3-A6FF-48C7-BC88-D4483750ACD5} = {540B73A3-93A0-4BF4-AB2D-E45975330E11}
		{489486EC-FD5E-4A2C-AD66-16219D2B785D} = {540B73A3-93A0-4BF4-AB2D-E45975330E11}
		{A5D2C7C4-4758-4973-B8A3-4BF0340BFFD4} = {540B73A3-93A0-4BF4-AB2D-E45975330E11}
		{A68962F7-614A-469E-95C8-C3511F0258DC} = {540B73A3-93A0-4BF4-AB2D-E45975330E11}
	EndGlobalSection
EndGlobal
